<?xml version="1.0" encoding="utf-8"?>
<Project ToolsVersion="4.0" xmlns="http://schemas.microsoft.com/developer/msbuild/2003">
  <ItemGroup>
    <Filter Include="ソース ファイル">
      <UniqueIdentifier>{4FC737F1-C7A5-4376-A066-2A32D752A2FF}</UniqueIdentifier>
      <Extensions>cpp;c;cc;cxx;def;odl;idl;hpj;bat;asm;asmx</Extensions>
    </Filter>
    <Filter Include="ヘッダー ファイル">
      <UniqueIdentifier>{93995380-89BD-4b04-88EB-625FBE52EBFB}</UniqueIdentifier>
      <Extensions>h;hh;hpp;hxx;hm;inl;inc;xsd</Extensions>
    </Filter>
    <Filter Include="リソース ファイル">
      <UniqueIdentifier>{67DA6AB6-F800-4c08-8B7A-83BB121AAD01}</UniqueIdentifier>
      <Extensions>rc;ico;cur;bmp;dlg;rc2;rct;bin;rgs;gif;jpg;jpeg;jpe;resx;tiff;tif;png;wav;mfcribbon-ms</Extensions>
    </Filter>
    <Filter Include="ヘッダー ファイル\include">
      <UniqueIdentifier>{19e1c480-26ba-4512-912c-9222dba40eba}</UniqueIdentifier>
    </Filter>
    <Filter Include="ソース ファイル\include">
      <UniqueIdentifier>{903b4b6e-9824-4717-bbb7-a3dc9335d9a3}</UniqueIdentifier>
    </Filter>
  </ItemGroup>
  <ItemGroup>
    <ClCompile Include="WinMain.cpp">
      <Filter>ソース ファイル</Filter>
    </ClCompile>
    <ClCompile Include="GLWnd.cpp">
      <Filter>ソース ファイル</Filter>
    </ClCompile>
    <ClCompile Include="GLTexture.cpp">
      <Filter>ソース ファイル</Filter>
    </ClCompile>
    <ClCompile Include="include\Application.cpp">
      <Filter>ソース ファイル\include</Filter>
    </ClCompile>
    <ClCompile Include="include\DebugPrint.cpp">
      <Filter>ソース ファイル\include</Filter>
    </ClCompile>
    <ClCompile Include="include\DWM.cpp">
      <Filter>ソース ファイル\include</Filter>
    </ClCompile>
    <ClCompile Include="include\GlassWnd.cpp">
      <Filter>ソース ファイル\include</Filter>
    </ClCompile>
    <ClCompile Include="include\UWnd.cpp">
      <Filter>ソース ファイル\include</Filter>
    </ClCompile>
    <ClCompile Include="include\UxTheme.cpp">
      <Filter>ソース ファイル\include</Filter>
    </ClCompile>
  </ItemGroup>
  <ItemGroup>
    <ClInclude Include="GLWnd.h">
      <Filter>ヘッダー ファイル</Filter>
    </ClInclude>
    <ClInclude Include="GLTexture.h">
      <Filter>ヘッダー ファイル</Filter>
    </ClInclude>
    <ClInclude Include="ITexture.h">
      <Filter>ヘッダー ファイル</Filter>
    </ClInclude>
    <ClInclude Include="Mesh.h">
      <Filter>ヘッダー ファイル</Filter>
    </ClInclude>
    <ClInclude Include="include\UxTheme.h">
      <Filter>ヘッダー ファイル\include</Filter>
    </ClInclude>
    <ClInclude Include="include\Application.h">
      <Filter>ヘッダー ファイル\include</Filter>
    </ClInclude>
    <ClInclude Include="include\ComPtr.h">
      <Filter>ヘッダー ファイル\include</Filter>
    </ClInclude>
    <ClInclude Include="include\GlassWnd.h">
      <Filter>ヘッダー ファイル\include</Filter>
    </ClInclude>
    <ClInclude Include="include\UWnd.h">
      <Filter>ヘッダー ファイル\include</Filter>
    </ClInclude>
    <ClInclude Include="include\DWM.h">
      <Filter>ヘッダー ファイル\include</Filter>
    </ClInclude>
    <ClInclude Include="include\DebugPrint.h">
      <Filter>ヘッダー ファイル\include</Filter>
    </ClInclude>
  </ItemGroup>
  <ItemGroup>
    <Image Include="octocat.ico">
      <Filter>リソース ファイル</Filter>
    </Image>
  </ItemGroup>
  <ItemGroup>
    <Resource Include="res.res">
      <Filter>リソース ファイル</Filter>
    </Resource>
  </ItemGroup>
</Project>